// !$*UTF8*$!
{
	archiveVersion = 1;
	classes = {
	};
	objectVersion = 50;
	objects = {

/* Begin PBXBuildFile section */
		0243442B28C8F9A00063680D /* CustomButton.swift in Sources */ = {isa = PBXBuildFile; fileRef = 0243442A28C8F9A00063680D /* CustomButton.swift */; };
		7F4F8548266C8F4A00D2CB2A /* resizedImagesController.swift in Sources */ = {isa = PBXBuildFile; fileRef = 7F4F8547266C8F4A00D2CB2A /* resizedImagesController.swift */; };
		7F4F854A266C90F800D2CB2A /* ImageCell.swift in Sources */ = {isa = PBXBuildFile; fileRef = 7F4F8549266C90F800D2CB2A /* ImageCell.swift */; };
		7F4F854C266C962300D2CB2A /* Images.swift in Sources */ = {isa = PBXBuildFile; fileRef = 7F4F854B266C962300D2CB2A /* Images.swift */; };
		7F83592F277D8223007428A8 /* PresetTableViewCell.swift in Sources */ = {isa = PBXBuildFile; fileRef = 7F83592D277D8223007428A8 /* PresetTableViewCell.swift */; };
		7F835930277D8223007428A8 /* PresetTableViewCell.xib in Resources */ = {isa = PBXBuildFile; fileRef = 7F83592E277D8223007428A8 /* PresetTableViewCell.xib */; };
		7F835943277ECCFC007428A8 /* CoreData.swift in Sources */ = {isa = PBXBuildFile; fileRef = 7F835942277ECCFC007428A8 /* CoreData.swift */; };
		7F835946277ED410007428A8 /* ImageResizerDataModel.xcdatamodeld in Sources */ = {isa = PBXBuildFile; fileRef = 7F835944277ED410007428A8 /* ImageResizerDataModel.xcdatamodeld */; };
		7F89443E26F674B0000AF308 /* resizedImageSceneDelegate.swift in Sources */ = {isa = PBXBuildFile; fileRef = 7F89443D26F674B0000AF308 /* resizedImageSceneDelegate.swift */; };
		7F89444326F6F9FA000AF308 /* MenuBar.swift in Sources */ = {isa = PBXBuildFile; fileRef = 7F89444226F6F9FA000AF308 /* MenuBar.swift */; };
		7F89444626F7BA4D000AF308 /* AddPresetSceneDelegate.swift in Sources */ = {isa = PBXBuildFile; fileRef = 7F89444526F7BA4D000AF308 /* AddPresetSceneDelegate.swift */; };
		7F89444A26F91173000AF308 /* Sources.swift in Sources */ = {isa = PBXBuildFile; fileRef = 7F89444926F91173000AF308 /* Sources.swift */; };
		7F89446B26FAB44A000AF308 /* PhotoLibraryViewController.swift in Sources */ = {isa = PBXBuildFile; fileRef = 7F89446A26FAB44A000AF308 /* PhotoLibraryViewController.swift */; };
		7F89446D26FAB551000AF308 /* FilesViewController.swift in Sources */ = {isa = PBXBuildFile; fileRef = 7F89446C26FAB551000AF308 /* FilesViewController.swift */; };
		7F89446F26FAB5B2000AF308 /* DocumentScanViewController.swift in Sources */ = {isa = PBXBuildFile; fileRef = 7F89446E26FAB5B2000AF308 /* DocumentScanViewController.swift */; };
		7F89447126FAB62B000AF308 /* CameraViewController.swift in Sources */ = {isa = PBXBuildFile; fileRef = 7F89447026FAB62B000AF308 /* CameraViewController.swift */; };
		7F89447326FAB682000AF308 /* URLViewController.swift in Sources */ = {isa = PBXBuildFile; fileRef = 7F89447226FAB682000AF308 /* URLViewController.swift */; };
		7F95C9F22666BC7500A8F7D8 /* AddPresetViewController.swift in Sources */ = {isa = PBXBuildFile; fileRef = 7F95C9F12666BC7400A8F7D8 /* AddPresetViewController.swift */; };
		7FCBD19E2780DD6C00E02CCF /* Preset+CoreDataClass.swift in Sources */ = {isa = PBXBuildFile; fileRef = 7FCBD19C2780DD6C00E02CCF /* Preset+CoreDataClass.swift */; };
		7FCBD19F2780DD6C00E02CCF /* Preset+CoreDataProperties.swift in Sources */ = {isa = PBXBuildFile; fileRef = 7FCBD19D2780DD6C00E02CCF /* Preset+CoreDataProperties.swift */; };
		7FD9361726B8B5BA009123ED /* Extensions.swift in Sources */ = {isa = PBXBuildFile; fileRef = 7FD9361626B8B5BA009123ED /* Extensions.swift */; };
		7FEF76BF265F0F9D007E6043 /* AppDelegate.swift in Sources */ = {isa = PBXBuildFile; fileRef = 7FEF76BE265F0F9D007E6043 /* AppDelegate.swift */; };
		7FEF76C1265F0F9D007E6043 /* SceneDelegate.swift in Sources */ = {isa = PBXBuildFile; fileRef = 7FEF76C0265F0F9D007E6043 /* SceneDelegate.swift */; };
		7FEF76C3265F0F9D007E6043 /* ViewController.swift in Sources */ = {isa = PBXBuildFile; fileRef = 7FEF76C2265F0F9D007E6043 /* ViewController.swift */; };
		7FEF76C6265F0F9D007E6043 /* Main.storyboard in Resources */ = {isa = PBXBuildFile; fileRef = 7FEF76C4265F0F9D007E6043 /* Main.storyboard */; };
		7FEF76C9265F0F9D007E6043 /* imageResizer.xcdatamodeld in Sources */ = {isa = PBXBuildFile; fileRef = 7FEF76C7265F0F9D007E6043 /* imageResizer.xcdatamodeld */; };
		7FEF76CB265F0F9E007E6043 /* Assets.xcassets in Resources */ = {isa = PBXBuildFile; fileRef = 7FEF76CA265F0F9E007E6043 /* Assets.xcassets */; };
		7FEF76CE265F0F9E007E6043 /* LaunchScreen.storyboard in Resources */ = {isa = PBXBuildFile; fileRef = 7FEF76CC265F0F9E007E6043 /* LaunchScreen.storyboard */; };
/* End PBXBuildFile section */

/* Begin PBXFileReference section */
		0243442A28C8F9A00063680D /* CustomButton.swift */ = {isa = PBXFileReference; lastKnownFileType = sourcecode.swift; path = CustomButton.swift; sourceTree = "<group>"; };
		7F4F8547266C8F4A00D2CB2A /* resizedImagesController.swift */ = {isa = PBXFileReference; lastKnownFileType = sourcecode.swift; path = resizedImagesController.swift; sourceTree = "<group>"; };
		7F4F8549266C90F800D2CB2A /* ImageCell.swift */ = {isa = PBXFileReference; lastKnownFileType = sourcecode.swift; path = ImageCell.swift; sourceTree = "<group>"; };
		7F4F854B266C962300D2CB2A /* Images.swift */ = {isa = PBXFileReference; lastKnownFileType = sourcecode.swift; path = Images.swift; sourceTree = "<group>"; };
		7F83592D277D8223007428A8 /* PresetTableViewCell.swift */ = {isa = PBXFileReference; lastKnownFileType = sourcecode.swift; path = PresetTableViewCell.swift; sourceTree = "<group>"; };
		7F83592E277D8223007428A8 /* PresetTableViewCell.xib */ = {isa = PBXFileReference; lastKnownFileType = file.xib; path = PresetTableViewCell.xib; sourceTree = "<group>"; };
		7F835942277ECCFC007428A8 /* CoreData.swift */ = {isa = PBXFileReference; lastKnownFileType = sourcecode.swift; path = CoreData.swift; sourceTree = "<group>"; };
		7F835945277ED410007428A8 /* ImageResizerDataModel.xcdatamodel */ = {isa = PBXFileReference; lastKnownFileType = wrapper.xcdatamodel; path = ImageResizerDataModel.xcdatamodel; sourceTree = "<group>"; };
		7F89443D26F674B0000AF308 /* resizedImageSceneDelegate.swift */ = {isa = PBXFileReference; lastKnownFileType = sourcecode.swift; path = resizedImageSceneDelegate.swift; sourceTree = "<group>"; };
		7F89444226F6F9FA000AF308 /* MenuBar.swift */ = {isa = PBXFileReference; lastKnownFileType = sourcecode.swift; path = MenuBar.swift; sourceTree = "<group>"; };
		7F89444526F7BA4D000AF308 /* AddPresetSceneDelegate.swift */ = {isa = PBXFileReference; lastKnownFileType = sourcecode.swift; path = AddPresetSceneDelegate.swift; sourceTree = "<group>"; };
		7F89444926F91173000AF308 /* Sources.swift */ = {isa = PBXFileReference; lastKnownFileType = sourcecode.swift; path = Sources.swift; sourceTree = "<group>"; };
		7F89446A26FAB44A000AF308 /* PhotoLibraryViewController.swift */ = {isa = PBXFileReference; lastKnownFileType = sourcecode.swift; path = PhotoLibraryViewController.swift; sourceTree = "<group>"; };
		7F89446C26FAB551000AF308 /* FilesViewController.swift */ = {isa = PBXFileReference; lastKnownFileType = sourcecode.swift; path = FilesViewController.swift; sourceTree = "<group>"; };
		7F89446E26FAB5B2000AF308 /* DocumentScanViewController.swift */ = {isa = PBXFileReference; lastKnownFileType = sourcecode.swift; path = DocumentScanViewController.swift; sourceTree = "<group>"; };
		7F89447026FAB62B000AF308 /* CameraViewController.swift */ = {isa = PBXFileReference; lastKnownFileType = sourcecode.swift; path = CameraViewController.swift; sourceTree = "<group>"; };
		7F89447226FAB682000AF308 /* URLViewController.swift */ = {isa = PBXFileReference; lastKnownFileType = sourcecode.swift; path = URLViewController.swift; sourceTree = "<group>"; };
		7F95C9F12666BC7400A8F7D8 /* AddPresetViewController.swift */ = {isa = PBXFileReference; lastKnownFileType = sourcecode.swift; path = AddPresetViewController.swift; sourceTree = "<group>"; };
		7FCBD19C2780DD6C00E02CCF /* Preset+CoreDataClass.swift */ = {isa = PBXFileReference; lastKnownFileType = sourcecode.swift; path = "Preset+CoreDataClass.swift"; sourceTree = "<group>"; };
		7FCBD19D2780DD6C00E02CCF /* Preset+CoreDataProperties.swift */ = {isa = PBXFileReference; lastKnownFileType = sourcecode.swift; path = "Preset+CoreDataProperties.swift"; sourceTree = "<group>"; };
		7FD9361626B8B5BA009123ED /* Extensions.swift */ = {isa = PBXFileReference; lastKnownFileType = sourcecode.swift; path = Extensions.swift; sourceTree = "<group>"; };
		7FEF76BB265F0F9D007E6043 /* imageResizer.app */ = {isa = PBXFileReference; explicitFileType = wrapper.application; includeInIndex = 0; path = imageResizer.app; sourceTree = BUILT_PRODUCTS_DIR; };
		7FEF76BE265F0F9D007E6043 /* AppDelegate.swift */ = {isa = PBXFileReference; lastKnownFileType = sourcecode.swift; path = AppDelegate.swift; sourceTree = "<group>"; };
		7FEF76C0265F0F9D007E6043 /* SceneDelegate.swift */ = {isa = PBXFileReference; lastKnownFileType = sourcecode.swift; path = SceneDelegate.swift; sourceTree = "<group>"; };
		7FEF76C2265F0F9D007E6043 /* ViewController.swift */ = {isa = PBXFileReference; lastKnownFileType = sourcecode.swift; path = ViewController.swift; sourceTree = "<group>"; };
		7FEF76C5265F0F9D007E6043 /* Base */ = {isa = PBXFileReference; lastKnownFileType = file.storyboard; name = Base; path = Base.lproj/Main.storyboard; sourceTree = "<group>"; };
		7FEF76C8265F0F9D007E6043 /* imageResizer.xcdatamodel */ = {isa = PBXFileReference; lastKnownFileType = wrapper.xcdatamodel; path = imageResizer.xcdatamodel; sourceTree = "<group>"; };
		7FEF76CA265F0F9E007E6043 /* Assets.xcassets */ = {isa = PBXFileReference; lastKnownFileType = folder.assetcatalog; path = Assets.xcassets; sourceTree = "<group>"; };
		7FEF76CD265F0F9E007E6043 /* Base */ = {isa = PBXFileReference; lastKnownFileType = file.storyboard; name = Base; path = Base.lproj/LaunchScreen.storyboard; sourceTree = "<group>"; };
		7FEF76CF265F0F9E007E6043 /* Info.plist */ = {isa = PBXFileReference; lastKnownFileType = text.plist.xml; path = Info.plist; sourceTree = "<group>"; };
		7FEF76D82661A7B2007E6043 /* imageResizer.entitlements */ = {isa = PBXFileReference; lastKnownFileType = text.plist.entitlements; path = imageResizer.entitlements; sourceTree = "<group>"; };
/* End PBXFileReference section */

/* Begin PBXFrameworksBuildPhase section */
		7FEF76B8265F0F9D007E6043 /* Frameworks */ = {
			isa = PBXFrameworksBuildPhase;
			buildActionMask = 2147483647;
			files = (
			);
			runOnlyForDeploymentPostprocessing = 0;
		};
/* End PBXFrameworksBuildPhase section */

/* Begin PBXGroup section */
		7F89447426FAB747000AF308 /* Sources */ = {
			isa = PBXGroup;
			children = (
				7F89446E26FAB5B2000AF308 /* DocumentScanViewController.swift */,
				7F89447026FAB62B000AF308 /* CameraViewController.swift */,
				7F89446A26FAB44A000AF308 /* PhotoLibraryViewController.swift */,
				7F89446C26FAB551000AF308 /* FilesViewController.swift */,
				7F89447226FAB682000AF308 /* URLViewController.swift */,
			);
			path = Sources;
			sourceTree = "<group>";
		};
		7F8BBDEC276D5FC3005B07C1 /* Mac */ = {
			isa = PBXGroup;
			children = (
				7F8BBDED276D5FCD005B07C1 /* Scana Delegates */,
				7F89444226F6F9FA000AF308 /* MenuBar.swift */,
			);
			path = Mac;
			sourceTree = "<group>";
		};
		7F8BBDED276D5FCD005B07C1 /* Scana Delegates */ = {
			isa = PBXGroup;
			children = (
				7FEF76C0265F0F9D007E6043 /* SceneDelegate.swift */,
				7F89444526F7BA4D000AF308 /* AddPresetSceneDelegate.swift */,
				7F89443D26F674B0000AF308 /* resizedImageSceneDelegate.swift */,
			);
			path = "Scana Delegates";
			sourceTree = "<group>";
		};
		7F8BBDEE276D5FF8005B07C1 /* View Controllers */ = {
			isa = PBXGroup;
			children = (
				7FEF76C2265F0F9D007E6043 /* ViewController.swift */,
				7F4F8547266C8F4A00D2CB2A /* resizedImagesController.swift */,
				7F95C9F12666BC7400A8F7D8 /* AddPresetViewController.swift */,
			);
			path = "View Controllers";
			sourceTree = "<group>";
		};
		7F8BBDEF276D6017005B07C1 /* Models */ = {
			isa = PBXGroup;
			children = (
				7F83592D277D8223007428A8 /* PresetTableViewCell.swift */,
				7F83592E277D8223007428A8 /* PresetTableViewCell.xib */,
				7F4F8549266C90F800D2CB2A /* ImageCell.swift */,
				7F4F854B266C962300D2CB2A /* Images.swift */,
				0243442A28C8F9A00063680D /* CustomButton.swift */,
			);
			path = Models;
			sourceTree = "<group>";
		};
		7FCBD1A02780DEB700E02CCF /* Core Data */ = {
			isa = PBXGroup;
			children = (
				7F835944277ED410007428A8 /* ImageResizerDataModel.xcdatamodeld */,
				7FCBD19C2780DD6C00E02CCF /* Preset+CoreDataClass.swift */,
				7FCBD19D2780DD6C00E02CCF /* Preset+CoreDataProperties.swift */,
				7F835942277ECCFC007428A8 /* CoreData.swift */,
			);
			path = "Core Data";
			sourceTree = "<group>";
		};
		7FEF76B2265F0F9D007E6043 = {
			isa = PBXGroup;
			children = (
				7FEF76BD265F0F9D007E6043 /* imageResizer */,
				7FEF76BC265F0F9D007E6043 /* Products */,
			);
			sourceTree = "<group>";
		};
		7FEF76BC265F0F9D007E6043 /* Products */ = {
			isa = PBXGroup;
			children = (
				7FEF76BB265F0F9D007E6043 /* imageResizer.app */,
			);
			name = Products;
			sourceTree = "<group>";
		};
		7FEF76BD265F0F9D007E6043 /* imageResizer */ = {
			isa = PBXGroup;
			children = (
				7FEF76D82661A7B2007E6043 /* imageResizer.entitlements */,
				7FEF76BE265F0F9D007E6043 /* AppDelegate.swift */,
				7FD9361626B8B5BA009123ED /* Extensions.swift */,
				7FEF76C4265F0F9D007E6043 /* Main.storyboard */,
				7F89444926F91173000AF308 /* Sources.swift */,
				7FCBD1A02780DEB700E02CCF /* Core Data */,
				7F8BBDEC276D5FC3005B07C1 /* Mac */,
				7F89447426FAB747000AF308 /* Sources */,
				7F8BBDEF276D6017005B07C1 /* Models */,
				7F8BBDEE276D5FF8005B07C1 /* View Controllers */,
				7FEF76CA265F0F9E007E6043 /* Assets.xcassets */,
				7FEF76CC265F0F9E007E6043 /* LaunchScreen.storyboard */,
				7FEF76CF265F0F9E007E6043 /* Info.plist */,
				7FEF76C7265F0F9D007E6043 /* imageResizer.xcdatamodeld */,
			);
			path = imageResizer;
			sourceTree = "<group>";
		};
/* End PBXGroup section */

/* Begin PBXNativeTarget section */
		7FEF76BA265F0F9D007E6043 /* imageResizer */ = {
			isa = PBXNativeTarget;
			buildConfigurationList = 7FEF76D2265F0F9E007E6043 /* Build configuration list for PBXNativeTarget "imageResizer" */;
			buildPhases = (
				7FEF76B7265F0F9D007E6043 /* Sources */,
				7FEF76B8265F0F9D007E6043 /* Frameworks */,
				7FEF76B9265F0F9D007E6043 /* Resources */,
			);
			buildRules = (
			);
			dependencies = (
			);
			name = imageResizer;
			productName = imageResizer;
			productReference = 7FEF76BB265F0F9D007E6043 /* imageResizer.app */;
			productType = "com.apple.product-type.application";
		};
/* End PBXNativeTarget section */

/* Begin PBXProject section */
		7FEF76B3265F0F9D007E6043 /* Project object */ = {
			isa = PBXProject;
			attributes = {
				LastSwiftUpdateCheck = 1250;
				LastUpgradeCheck = 1250;
				TargetAttributes = {
					7FEF76BA265F0F9D007E6043 = {
						CreatedOnToolsVersion = 12.5;
					};
				};
			};
			buildConfigurationList = 7FEF76B6265F0F9D007E6043 /* Build configuration list for PBXProject "imageResizer" */;
			compatibilityVersion = "Xcode 9.3";
			developmentRegion = en;
			hasScannedForEncodings = 0;
			knownRegions = (
				en,
				Base,
			);
			mainGroup = 7FEF76B2265F0F9D007E6043;
			productRefGroup = 7FEF76BC265F0F9D007E6043 /* Products */;
			projectDirPath = "";
			projectRoot = "";
			targets = (
				7FEF76BA265F0F9D007E6043 /* imageResizer */,
			);
		};
/* End PBXProject section */

/* Begin PBXResourcesBuildPhase section */
		7FEF76B9265F0F9D007E6043 /* Resources */ = {
			isa = PBXResourcesBuildPhase;
			buildActionMask = 2147483647;
			files = (
				7FEF76CE265F0F9E007E6043 /* LaunchScreen.storyboard in Resources */,
				7FEF76CB265F0F9E007E6043 /* Assets.xcassets in Resources */,
				7F835930277D8223007428A8 /* PresetTableViewCell.xib in Resources */,
				7FEF76C6265F0F9D007E6043 /* Main.storyboard in Resources */,
			);
			runOnlyForDeploymentPostprocessing = 0;
		};
/* End PBXResourcesBuildPhase section */

/* Begin PBXSourcesBuildPhase section */
		7FEF76B7265F0F9D007E6043 /* Sources */ = {
			isa = PBXSourcesBuildPhase;
			buildActionMask = 2147483647;
			files = (
				7F89443E26F674B0000AF308 /* resizedImageSceneDelegate.swift in Sources */,
				7FCBD19E2780DD6C00E02CCF /* Preset+CoreDataClass.swift in Sources */,
				7F89444326F6F9FA000AF308 /* MenuBar.swift in Sources */,
				0243442B28C8F9A00063680D /* CustomButton.swift in Sources */,
				7F835943277ECCFC007428A8 /* CoreData.swift in Sources */,
				7F4F8548266C8F4A00D2CB2A /* resizedImagesController.swift in Sources */,
				7F89447126FAB62B000AF308 /* CameraViewController.swift in Sources */,
				7F89447326FAB682000AF308 /* URLViewController.swift in Sources */,
				7F89444A26F91173000AF308 /* Sources.swift in Sources */,
				7FEF76C9265F0F9D007E6043 /* imageResizer.xcdatamodeld in Sources */,
				7FEF76C3265F0F9D007E6043 /* ViewController.swift in Sources */,
				7F95C9F22666BC7500A8F7D8 /* AddPresetViewController.swift in Sources */,
				7FD9361726B8B5BA009123ED /* Extensions.swift in Sources */,
				7FEF76BF265F0F9D007E6043 /* AppDelegate.swift in Sources */,
				7F4F854C266C962300D2CB2A /* Images.swift in Sources */,
				7F4F854A266C90F800D2CB2A /* ImageCell.swift in Sources */,
				7FCBD19F2780DD6C00E02CCF /* Preset+CoreDataProperties.swift in Sources */,
				7FEF76C1265F0F9D007E6043 /* SceneDelegate.swift in Sources */,
				7F835946277ED410007428A8 /* ImageResizerDataModel.xcdatamodeld in Sources */,
				7F89446F26FAB5B2000AF308 /* DocumentScanViewController.swift in Sources */,
				7F89446B26FAB44A000AF308 /* PhotoLibraryViewController.swift in Sources */,
				7F89446D26FAB551000AF308 /* FilesViewController.swift in Sources */,
				7F83592F277D8223007428A8 /* PresetTableViewCell.swift in Sources */,
				7F89444626F7BA4D000AF308 /* AddPresetSceneDelegate.swift in Sources */,
			);
			runOnlyForDeploymentPostprocessing = 0;
		};
/* End PBXSourcesBuildPhase section */

/* Begin PBXVariantGroup section */
		7FEF76C4265F0F9D007E6043 /* Main.storyboard */ = {
			isa = PBXVariantGroup;
			children = (
				7FEF76C5265F0F9D007E6043 /* Base */,
			);
			name = Main.storyboard;
			sourceTree = "<group>";
		};
		7FEF76CC265F0F9E007E6043 /* LaunchScreen.storyboard */ = {
			isa = PBXVariantGroup;
			children = (
				7FEF76CD265F0F9E007E6043 /* Base */,
			);
			name = LaunchScreen.storyboard;
			sourceTree = "<group>";
		};
/* End PBXVariantGroup section */

/* Begin XCBuildConfiguration section */
		7FEF76D0265F0F9E007E6043 /* Debug */ = {
			isa = XCBuildConfiguration;
			buildSettings = {
				ALWAYS_SEARCH_USER_PATHS = NO;
				CLANG_ANALYZER_NONNULL = YES;
				CLANG_ANALYZER_NUMBER_OBJECT_CONVERSION = YES_AGGRESSIVE;
				CLANG_CXX_LANGUAGE_STANDARD = "gnu++14";
				CLANG_CXX_LIBRARY = "libc++";
				CLANG_ENABLE_MODULES = YES;
				CLANG_ENABLE_OBJC_ARC = YES;
				CLANG_ENABLE_OBJC_WEAK = YES;
				CLANG_WARN_BLOCK_CAPTURE_AUTORELEASING = YES;
				CLANG_WARN_BOOL_CONVERSION = YES;
				CLANG_WARN_COMMA = YES;
				CLANG_WARN_CONSTANT_CONVERSION = YES;
				CLANG_WARN_DEPRECATED_OBJC_IMPLEMENTATIONS = YES;
				CLANG_WARN_DIRECT_OBJC_ISA_USAGE = YES_ERROR;
				CLANG_WARN_DOCUMENTATION_COMMENTS = YES;
				CLANG_WARN_EMPTY_BODY = YES;
				CLANG_WARN_ENUM_CONVERSION = YES;
				CLANG_WARN_INFINITE_RECURSION = YES;
				CLANG_WARN_INT_CONVERSION = YES;
				CLANG_WARN_NON_LITERAL_NULL_CONVERSION = YES;
				CLANG_WARN_OBJC_IMPLICIT_RETAIN_SELF = YES;
				CLANG_WARN_OBJC_LITERAL_CONVERSION = YES;
				CLANG_WARN_OBJC_ROOT_CLASS = YES_ERROR;
				CLANG_WARN_QUOTED_INCLUDE_IN_FRAMEWORK_HEADER = YES;
				CLANG_WARN_RANGE_LOOP_ANALYSIS = YES;
				CLANG_WARN_STRICT_PROTOTYPES = YES;
				CLANG_WARN_SUSPICIOUS_MOVE = YES;
				CLANG_WARN_UNGUARDED_AVAILABILITY = YES_AGGRESSIVE;
				CLANG_WARN_UNREACHABLE_CODE = YES;
				CLANG_WARN__DUPLICATE_METHOD_MATCH = YES;
				COPY_PHASE_STRIP = NO;
				DEBUG_INFORMATION_FORMAT = dwarf;
				ENABLE_STRICT_OBJC_MSGSEND = YES;
				ENABLE_TESTABILITY = YES;
				GCC_C_LANGUAGE_STANDARD = gnu11;
				GCC_DYNAMIC_NO_PIC = NO;
				GCC_NO_COMMON_BLOCKS = YES;
				GCC_OPTIMIZATION_LEVEL = 0;
				GCC_PREPROCESSOR_DEFINITIONS = (
					"DEBUG=1",
					"$(inherited)",
				);
				GCC_WARN_64_TO_32_BIT_CONVERSION = YES;
				GCC_WARN_ABOUT_RETURN_TYPE = YES_ERROR;
				GCC_WARN_UNDECLARED_SELECTOR = YES;
				GCC_WARN_UNINITIALIZED_AUTOS = YES_AGGRESSIVE;
				GCC_WARN_UNUSED_FUNCTION = YES;
				GCC_WARN_UNUSED_VARIABLE = YES;
				IPHONEOS_DEPLOYMENT_TARGET = 14.5;
				MTL_ENABLE_DEBUG_INFO = INCLUDE_SOURCE;
				MTL_FAST_MATH = YES;
				ONLY_ACTIVE_ARCH = YES;
				SDKROOT = iphoneos;
				SWIFT_ACTIVE_COMPILATION_CONDITIONS = DEBUG;
				SWIFT_OPTIMIZATION_LEVEL = "-Onone";
			};
			name = Debug;
		};
		7FEF76D1265F0F9E007E6043 /* Release */ = {
			isa = XCBuildConfiguration;
			buildSettings = {
				ALWAYS_SEARCH_USER_PATHS = NO;
				CLANG_ANALYZER_NONNULL = YES;
				CLANG_ANALYZER_NUMBER_OBJECT_CONVERSION = YES_AGGRESSIVE;
				CLANG_CXX_LANGUAGE_STANDARD = "gnu++14";
				CLANG_CXX_LIBRARY = "libc++";
				CLANG_ENABLE_MODULES = YES;
				CLANG_ENABLE_OBJC_ARC = YES;
				CLANG_ENABLE_OBJC_WEAK = YES;
				CLANG_WARN_BLOCK_CAPTURE_AUTORELEASING = YES;
				CLANG_WARN_BOOL_CONVERSION = YES;
				CLANG_WARN_COMMA = YES;
				CLANG_WARN_CONSTANT_CONVERSION = YES;
				CLANG_WARN_DEPRECATED_OBJC_IMPLEMENTATIONS = YES;
				CLANG_WARN_DIRECT_OBJC_ISA_USAGE = YES_ERROR;
				CLANG_WARN_DOCUMENTATION_COMMENTS = YES;
				CLANG_WARN_EMPTY_BODY = YES;
				CLANG_WARN_ENUM_CONVERSION = YES;
				CLANG_WARN_INFINITE_RECURSION = YES;
				CLANG_WARN_INT_CONVERSION = YES;
				CLANG_WARN_NON_LITERAL_NULL_CONVERSION = YES;
				CLANG_WARN_OBJC_IMPLICIT_RETAIN_SELF = YES;
				CLANG_WARN_OBJC_LITERAL_CONVERSION = YES;
				CLANG_WARN_OBJC_ROOT_CLASS = YES_ERROR;
				CLANG_WARN_QUOTED_INCLUDE_IN_FRAMEWORK_HEADER = YES;
				CLANG_WARN_RANGE_LOOP_ANALYSIS = YES;
				CLANG_WARN_STRICT_PROTOTYPES = YES;
				CLANG_WARN_SUSPICIOUS_MOVE = YES;
				CLANG_WARN_UNGUARDED_AVAILABILITY = YES_AGGRESSIVE;
				CLANG_WARN_UNREACHABLE_CODE = YES;
				CLANG_WARN__DUPLICATE_METHOD_MATCH = YES;
				COPY_PHASE_STRIP = NO;
				DEBUG_INFORMATION_FORMAT = "dwarf-with-dsym";
				ENABLE_NS_ASSERTIONS = NO;
				ENABLE_STRICT_OBJC_MSGSEND = YES;
				GCC_C_LANGUAGE_STANDARD = gnu11;
				GCC_NO_COMMON_BLOCKS = YES;
				GCC_WARN_64_TO_32_BIT_CONVERSION = YES;
				GCC_WARN_ABOUT_RETURN_TYPE = YES_ERROR;
				GCC_WARN_UNDECLARED_SELECTOR = YES;
				GCC_WARN_UNINITIALIZED_AUTOS = YES_AGGRESSIVE;
				GCC_WARN_UNUSED_FUNCTION = YES;
				GCC_WARN_UNUSED_VARIABLE = YES;
				IPHONEOS_DEPLOYMENT_TARGET = 14.5;
				MTL_ENABLE_DEBUG_INFO = NO;
				MTL_FAST_MATH = YES;
				SDKROOT = iphoneos;
				SWIFT_COMPILATION_MODE = wholemodule;
				SWIFT_OPTIMIZATION_LEVEL = "-O";
				VALIDATE_PRODUCT = YES;
			};
			name = Release;
		};
		7FEF76D3265F0F9E007E6043 /* Debug */ = {
			isa = XCBuildConfiguration;
			buildSettings = {
				ASSETCATALOG_COMPILER_APPICON_NAME = AppIcon;
				ASSETCATALOG_COMPILER_GLOBAL_ACCENT_COLOR_NAME = AccentColor;
				CODE_SIGN_ENTITLEMENTS = imageResizer/imageResizer.entitlements;
				CODE_SIGN_STYLE = Automatic;
				DEVELOPMENT_TEAM = 7UHNX49SSD;
				INFOPLIST_FILE = imageResizer/Info.plist;
				IPHONEOS_DEPLOYMENT_TARGET = 14.1;
				LD_RUNPATH_SEARCH_PATHS = (
					"$(inherited)",
					"@executable_path/Frameworks",
				);
				PRODUCT_BUNDLE_IDENTIFIER = com.jkozar.imageResizer;
				PRODUCT_NAME = "$(TARGET_NAME)";
				SUPPORTS_MACCATALYST = YES;
				SWIFT_VERSION = 5.0;
				TARGETED_DEVICE_FAMILY = "2,6";
			};
			name = Debug;
		};
		7FEF76D4265F0F9E007E6043 /* Release */ = {
			isa = XCBuildConfiguration;
			buildSettings = {
				ASSETCATALOG_COMPILER_APPICON_NAME = AppIcon;
				ASSETCATALOG_COMPILER_GLOBAL_ACCENT_COLOR_NAME = AccentColor;
				CODE_SIGN_ENTITLEMENTS = imageResizer/imageResizer.entitlements;
				CODE_SIGN_STYLE = Automatic;
				DEVELOPMENT_TEAM = 7UHNX49SSD;
				INFOPLIST_FILE = imageResizer/Info.plist;
				IPHONEOS_DEPLOYMENT_TARGET = 14.1;
				LD_RUNPATH_SEARCH_PATHS = (
					"$(inherited)",
					"@executable_path/Frameworks",
				);
				PRODUCT_BUNDLE_IDENTIFIER = com.jkozar.imageResizer;
				PRODUCT_NAME = "$(TARGET_NAME)";
				SUPPORTS_MACCATALYST = YES;
				SWIFT_VERSION = 5.0;
				TARGETED_DEVICE_FAMILY = "2,6";
			};
			name = Release;
		};
/* End XCBuildConfiguration section */

/* Begin XCConfigurationList section */
		7FEF76B6265F0F9D007E6043 /* Build configuration list for PBXProject "imageResizer" */ = {
			isa = XCConfigurationList;
			buildConfigurations = (
				7FEF76D0265F0F9E007E6043 /* Debug */,
				7FEF76D1265F0F9E007E6043 /* Release */,
			);
			defaultConfigurationIsVisible = 0;
			defaultConfigurationName = Release;
		};
		7FEF76D2265F0F9E007E6043 /* Build configuration list for PBXNativeTarget "imageResizer" */ = {
			isa = XCConfigurationList;
			buildConfigurations = (
				7FEF76D3265F0F9E007E6043 /* Debug */,
				7FEF76D4265F0F9E007E6043 /* Release */,
			);
			defaultConfigurationIsVisible = 0;
			defaultConfigurationName = Release;
		};
/* End XCConfigurationList section */

/* Begin XCVersionGroup section */
		7F835944277ED410007428A8 /* ImageResizerDataModel.xcdatamodeld */ = {
			isa = XCVersionGroup;
			children = (
				7F835945277ED410007428A8 /* ImageResizerDataModel.xcdatamodel */,
			);
			currentVersion = 7F835945277ED410007428A8 /* ImageResizerDataModel.xcdatamodel */;
			path = ImageResizerDataModel.xcdatamodeld;
			sourceTree = "<group>";
			versionGroupType = wrapper.xcdatamodel;
		};
		7FEF76C7265F0F9D007E6043 /* imageResizer.xcdatamodeld */ = {
			isa = XCVersionGroup;
			children = (
				7FEF76C8265F0F9D007E6043 /* imageResizer.xcdatamodel */,
			);
			currentVersion = 7FEF76C8265F0F9D007E6043 /* imageResizer.xcdatamodel */;
			path = imageResizer.xcdatamodeld;
			sourceTree = "<group>";
			versionGroupType = wrapper.xcdatamodel;
		};
/* End XCVersionGroup section */
	};
	rootObject = 7FEF76B3265F0F9D007E6043 /* Project object */;
}
